
Microsoft Visual Studio Solution File, Format Version 12.00
# Visual Studio 15
VisualStudioVersion = 15.0.27130.2003
MinimumVisualStudioVersion = 10.0.40219.1
Project("{FAE04EC0-301F-11D3-BF4B-00C04F79EFBC}") = "Nep5_Contract", "nep5_contract\Nep5_Contract.csproj", "{CA318421-35AF-4E48-8D5F-EC096D57E1C5}"
EndProject
Global
	GlobalSection(SolutionConfigurationPlatforms) = preSolution
		Debug|Any CPU = Debug|Any CPU
		Release|Any CPU = Release|Any CPU
	EndGlobalSection
	GlobalSection(ProjectConfigurationPlatforms) = postSolution
		{CA318421-35AF-4E48-8D5F-EC096D57E1C5}.Debug|Any CPU.ActiveCfg = Debug|Any CPU
		{CA318421-35AF-4E48-8D5F-EC096D57E1C5}.Debug|Any CPU.Build.0 = Debug|Any CPU
		{CA318421-35AF-4E48-8D5F-EC096D57E1C5}.Release|Any CPU.ActiveCfg = Release|Any CPU
		{CA318421-35AF-4E48-8D5F-EC096D57E1C5}.Release|Any CPU.Build.0 = Release|Any CPU
	EndGlobalSection
	GlobalSection(SolutionProperties) = preSolution
		HideSolutionNode = FALSE
	EndGlobalSection
	GlobalSection(ExtensibilityGlobals) = postSolution
		SolutionGuid = {AB3AF73A-DADC-4675-A2BF-7C880D0D5F9E}
	EndGlobalSection
EndGlobal
